
Microsoft Visual Studio Solution File, Format Version 12.00
# Visual Studio Version 17
VisualStudioVersion = 17.14.37012.4 d17.14
MinimumVisualStudioVersion = 10.0.40219.1
Project("{FAE04EC0-301F-11D3-BF4B-00C04F79EFBC}") = "SecurIT-Memory", "SecurIT-Memory.csproj", "{33741ED0-0C2B-4356-BBF4-B222345D3120}"
EndProject
Global
	GlobalSection(SolutionConfigurationPlatforms) = preSolution
		Debug|Any CPU = Debug|Any CPU
		Release|Any CPU = Release|Any CPU
	EndGlobalSection
	GlobalSection(ProjectConfigurationPlatforms) = postSolution
		{33741ED0-0C2B-4356-BBF4-B222345D3120}.Debug|Any CPU.ActiveCfg = Debug|Any CPU
		{33741ED0-0C2B-4356-BBF4-B222345D3120}.Debug|Any CPU.Build.0 = Debug|Any CPU
		{33741ED0-0C2B-4356-BBF4-B222345D3120}.Release|Any CPU.ActiveCfg = Release|Any CPU
		{33741ED0-0C2B-4356-BBF4-B222345D3120}.Release|Any CPU.Build.0 = Release|Any CPU
	EndGlobalSection
	GlobalSection(SolutionProperties) = preSolution
		HideSolutionNode = FALSE
	EndGlobalSection
	GlobalSection(ExtensibilityGlobals) = postSolution
		SolutionGuid = {C117C164-DE3B-4DC1-9072-F072619289DD}
	EndGlobalSection
EndGlobal
